# This file is automatically @generated by Cargo.
# It is not intended for manual editing.
version = 4

[[package]]
name = "log"
version = "0.4.30"
source = "registry+https://github.com/rust-lang/crates.io-index"
checksum = "616ec5685824bcc94416c6d4a7a446eea774a31efd7062c8480ba6fd06d7a6e5"

[[package]]
name = "o65-loader-tests"
version = "0.1.0"
dependencies = [
 "wdc65816",
]

[[package]]
name = "wdc65816"
version = "0.1.0"
source = "registry+https://github.com/rust-lang/crates.io-index"
checksum = "6936022d566be002a11b93252379b2020d5cb3b12b1fe6e20a2e9ef431d8e1b4"
dependencies = [
 "log",
]
